
Microsoft Visual Studio Solution File, Format Version 12.00
# Visual Studio Version 16
VisualStudioVersion = 16.0.30011.22
MinimumVisualStudioVersion = 10.0.40219.1
Project("{9A19103F-16F7-4668-BE54-9A1E7A4F7556}") = "Zadanie 8", "Zadanie 8\Zadanie 8.csproj", "{C48D7FEC-0A1F-4D32-B039-FA5E2E47C0EC}"
EndProject
Project("{9A19103F-16F7-4668-BE54-9A1E7A4F7556}") = "Zadanie 9", "Zadanie 9\Zadanie 9.csproj", "{AC0C392C-A4D0-4CCC-984A-568EB8564690}"
EndProject
Project("{9A19103F-16F7-4668-BE54-9A1E7A4F7556}") = "Zadanie Figura Przestrzenna", "Zadanie Figura Przestrzenna\Zadanie Figura Przestrzenna.csproj", "{8D41E52C-8703-45A2-A5A9-4C95937275A8}"
EndProject
Global
	GlobalSection(SolutionConfigurationPlatforms) = preSolution
		Debug|Any CPU = Debug|Any CPU
		Release|Any CPU = Release|Any CPU
	EndGlobalSection
	GlobalSection(ProjectConfigurationPlatforms) = postSolution
		{C48D7FEC-0A1F-4D32-B039-FA5E2E47C0EC}.Debug|Any CPU.ActiveCfg = Debug|Any CPU
		{C48D7FEC-0A1F-4D32-B039-FA5E2E47C0EC}.Debug|Any CPU.Build.0 = Debug|Any CPU
		{C48D7FEC-0A1F-4D32-B039-FA5E2E47C0EC}.Release|Any CPU.ActiveCfg = Release|Any CPU
		{C48D7FEC-0A1F-4D32-B039-FA5E2E47C0EC}.Release|Any CPU.Build.0 = Release|Any CPU
		{AC0C392C-A4D0-4CCC-984A-568EB8564690}.Debug|Any CPU.ActiveCfg = Debug|Any CPU
		{AC0C392C-A4D0-4CCC-984A-568EB8564690}.Debug|Any CPU.Build.0 = Debug|Any CPU
		{AC0C392C-A4D0-4CCC-984A-568EB8564690}.Release|Any CPU.ActiveCfg = Release|Any CPU
		{AC0C392C-A4D0-4CCC-984A-568EB8564690}.Release|Any CPU.Build.0 = Release|Any CPU
		{8D41E52C-8703-45A2-A5A9-4C95937275A8}.Debug|Any CPU.ActiveCfg = Debug|Any CPU
		{8D41E52C-8703-45A2-A5A9-4C95937275A8}.Debug|Any CPU.Build.0 = Debug|Any CPU
		{8D41E52C-8703-45A2-A5A9-4C95937275A8}.Release|Any CPU.ActiveCfg = Release|Any CPU
		{8D41E52C-8703-45A2-A5A9-4C95937275A8}.Release|Any CPU.Build.0 = Release|Any CPU
	EndGlobalSection
	GlobalSection(SolutionProperties) = preSolution
		HideSolutionNode = FALSE
	EndGlobalSection
	GlobalSection(ExtensibilityGlobals) = postSolution
		SolutionGuid = {C311779F-1D2E-486C-A358-7B169E2C7AD0}
	EndGlobalSection
EndGlobal
